<?xml version="1.0" encoding="utf-8"?>
<Project ToolsVersion="4.0" xmlns="http://schemas.microsoft.com/developer/msbuild/2003">
  <ItemGroup>
    <Filter Include="_excluded_files">
      <UniqueIdentifier>{158E591E-B6EA-0C85-8F5A-18EAFA09B4CE}</UniqueIdentifier>
    </Filter>
  </ItemGroup>
  <ItemGroup>
    <ClCompile Include="asynchttprequest_unittest.cc"/>
    <ClCompile Include="atomicops_unittest.cc"/>
    <ClCompile Include="autodetectproxy_unittest.cc"/>
    <ClCompile Include="bandwidthsmoother_unittest.cc"/>
    <ClCompile Include="base64_unittest.cc"/>
    <ClCompile Include="basictypes_unittest.cc"/>
    <ClCompile Include="bind_unittest.cc"/>
    <ClCompile Include="buffer_unittest.cc"/>
    <ClCompile Include="bytebuffer_unittest.cc"/>
    <ClCompile Include="byteorder_unittest.cc"/>
    <ClCompile Include="callback_unittest.cc"/>
    <ClCompile Include="cpumonitor_unittest.cc"/>
    <ClCompile Include="crc32_unittest.cc"/>
    <ClCompile Include="criticalsection_unittest.cc"/>
    <ClCompile Include="event_unittest.cc"/>
    <ClCompile Include="exp_filter_unittest.cc"/>
    <ClCompile Include="filelock_unittest.cc"/>
    <ClCompile Include="fileutils_unittest.cc"/>
    <ClCompile Include="helpers_unittest.cc"/>
    <ClCompile Include="httpbase_unittest.cc"/>
    <ClCompile Include="httpcommon_unittest.cc"/>
    <ClCompile Include="httpserver_unittest.cc"/>
    <ClCompile Include="ipaddress_unittest.cc"/>
    <ClCompile Include="logging_unittest.cc"/>
    <ClCompile Include="md5digest_unittest.cc"/>
    <ClCompile Include="messagedigest_unittest.cc"/>
    <ClCompile Include="messagequeue_unittest.cc"/>
    <ClCompile Include="multipart_unittest.cc"/>
    <ClCompile Include="nat_unittest.cc"/>
    <ClCompile Include="network_unittest.cc"/>
    <ClCompile Include="nullsocketserver_unittest.cc"/>
    <ClCompile Include="optionsfile_unittest.cc"/>
    <ClCompile Include="pathutils_unittest.cc"/>
    <ClCompile Include="profiler_unittest.cc"/>
    <ClCompile Include="proxy_unittest.cc"/>
    <ClCompile Include="proxydetect_unittest.cc"/>
    <ClCompile Include="ratelimiter_unittest.cc"/>
    <ClCompile Include="ratetracker_unittest.cc"/>
    <ClCompile Include="referencecountedsingletonfactory_unittest.cc"/>
    <ClCompile Include="rollingaccumulator_unittest.cc"/>
    <ClCompile Include="scopedptrcollection_unittest.cc"/>
    <ClCompile Include="sha1digest_unittest.cc"/>
    <ClCompile Include="sharedexclusivelock_unittest.cc"/>
    <ClCompile Include="signalthread_unittest.cc"/>
    <ClCompile Include="sigslot_unittest.cc"/>
    <ClInclude Include="sigslottester.h"/>
    <None Include="sigslottester.h.pump"/>
    <ClInclude Include="socket_unittest.h"/>
    <ClCompile Include="socketaddress_unittest.cc"/>
    <ClCompile Include="stream_unittest.cc"/>
    <ClCompile Include="stringencode_unittest.cc"/>
    <ClCompile Include="stringutils_unittest.cc"/>
    <ClCompile Include="task_unittest.cc"/>
    <ClCompile Include="testclient_unittest.cc"/>
    <ClCompile Include="thread_checker_unittest.cc"/>
    <ClCompile Include="thread_unittest.cc"/>
    <ClCompile Include="timeutils_unittest.cc"/>
    <ClCompile Include="urlencode_unittest.cc"/>
    <ClCompile Include="versionparsing_unittest.cc"/>
    <ClCompile Include="virtualsocket_unittest.cc"/>
    <ClCompile Include="win32_unittest.cc"/>
    <ClCompile Include="win32regkey_unittest.cc"/>
    <ClCompile Include="win32toolhelp_unittest.cc"/>
    <ClCompile Include="win32window_unittest.cc"/>
    <ClCompile Include="winfirewall_unittest.cc"/>
    <None Include="base_tests.gyp"/>
    <ClCompile Include="physicalsocketserver_unittest.cc">
      <Filter>_excluded_files</Filter>
    </ClCompile>
    <ClCompile Include="socket_unittest.cc">
      <Filter>_excluded_files</Filter>
    </ClCompile>
    <ClCompile Include="win32socketserver_unittest.cc">
      <Filter>_excluded_files</Filter>
    </ClCompile>
    <ClCompile Include="win32windowpicker_unittest.cc">
      <Filter>_excluded_files</Filter>
    </ClCompile>
  </ItemGroup>
</Project>
